
Microsoft Visual Studio Solution File, Format Version 12.00
# Visual Studio Version 16
VisualStudioVersion = 16.0.33214.272
MinimumVisualStudioVersion = 10.0.40219.1
Project("{FAE04EC0-301F-11D3-BF4B-00C04F79EFBC}") = "Mission3GitTest", "Mission3GitTest\Mission3GitTest.csproj", "{2FBFCBB1-86F5-4B01-9C7E-03D323AE02A9}"
EndProject
Global
	GlobalSection(SolutionConfigurationPlatforms) = preSolution
		Debug|Any CPU = Debug|Any CPU
		Release|Any CPU = Release|Any CPU
	EndGlobalSection
	GlobalSection(ProjectConfigurationPlatforms) = postSolution
		{2FBFCBB1-86F5-4B01-9C7E-03D323AE02A9}.Debug|Any CPU.ActiveCfg = Debug|Any CPU
		{2FBFCBB1-86F5-4B01-9C7E-03D323AE02A9}.Debug|Any CPU.Build.0 = Debug|Any CPU
		{2FBFCBB1-86F5-4B01-9C7E-03D323AE02A9}.Release|Any CPU.ActiveCfg = Release|Any CPU
		{2FBFCBB1-86F5-4B01-9C7E-03D323AE02A9}.Release|Any CPU.Build.0 = Release|Any CPU
	EndGlobalSection
	GlobalSection(SolutionProperties) = preSolution
		HideSolutionNode = FALSE
	EndGlobalSection
	GlobalSection(ExtensibilityGlobals) = postSolution
		SolutionGuid = {A62DFBFC-D4CE-4E8E-947D-258F261AF400}
	EndGlobalSection
EndGlobal
